
Microsoft Visual Studio Solution File, Format Version 12.00
# Visual Studio Version 17
VisualStudioVersion = 17.11.35431.28
MinimumVisualStudioVersion = 10.0.40219.1
Project("{FAE04EC0-301F-11D3-BF4B-00C04F79EFBC}") = "строки", "строки.csproj", "{DBE272D7-BD28-4FDB-9991-EFC4F601C98D}"
EndProject
Global
	GlobalSection(SolutionConfigurationPlatforms) = preSolution
		Debug|Any CPU = Debug|Any CPU
		Release|Any CPU = Release|Any CPU
	EndGlobalSection
	GlobalSection(ProjectConfigurationPlatforms) = postSolution
		{DBE272D7-BD28-4FDB-9991-EFC4F601C98D}.Debug|Any CPU.ActiveCfg = Debug|Any CPU
		{DBE272D7-BD28-4FDB-9991-EFC4F601C98D}.Debug|Any CPU.Build.0 = Debug|Any CPU
		{DBE272D7-BD28-4FDB-9991-EFC4F601C98D}.Release|Any CPU.ActiveCfg = Release|Any CPU
		{DBE272D7-BD28-4FDB-9991-EFC4F601C98D}.Release|Any CPU.Build.0 = Release|Any CPU
	EndGlobalSection
	GlobalSection(SolutionProperties) = preSolution
		HideSolutionNode = FALSE
	EndGlobalSection
	GlobalSection(ExtensibilityGlobals) = postSolution
		SolutionGuid = {B49EEC7C-694D-476F-BAB2-4D408924DE15}
	EndGlobalSection
EndGlobal
